
Microsoft Visual Studio Solution File, Format Version 11.00
# Visual Studio 2010
Project("{2150E333-8FDC-42A3-9474-1A3956D46DE8}") = "Testing", "Testing", "{40352F05-1FCE-4228-8065-74149EAFB5AA}"
EndProject
Project("{2150E333-8FDC-42A3-9474-1A3956D46DE8}") = "Apps", "Apps", "{F9D22252-F1C3-46AC-9309-B2C59068CE78}"
EndProject
Project("{2150E333-8FDC-42A3-9474-1A3956D46DE8}") = "Initech", "Initech", "{CA58FE11-73A9-43EC-8763-286524996AD1}"
EndProject
Project("{FAE04EC0-301F-11D3-BF4B-00C04F79EFBC}") = "EDIDocsIn", "EDIDocsIn\EDIDocsIn.csproj", "{19CF0A80-97B7-4C2A-AB25-431C8CC7D90A}"
EndProject
Project("{FAE04EC0-301F-11D3-BF4B-00C04F79EFBC}") = "EDIDocsProcessing.Common", "EDIDocsIn.Common\EDIDocsProcessing.Common.csproj", "{F5F0B092-A12D-44B0-AEA4-9A619E39A4DD}"
EndProject
Project("{FAE04EC0-301F-11D3-BF4B-00C04F79EFBC}") = "EDIDocsProcessing.Tests", "EDIDocsInTests\EDIDocsProcessing.Tests.csproj", "{89A76457-3AA3-469F-A9ED-DD8C2322BC1C}"
EndProject
Project("{FAE04EC0-301F-11D3-BF4B-00C04F79EFBC}") = "EdiMessages", "EdiMessages\EdiMessages.csproj", "{1554FC4E-3637-4267-A635-D4F53D4D4DAB}"
EndProject
Project("{FAE04EC0-301F-11D3-BF4B-00C04F79EFBC}") = "InitechEDIDocsIn", "FedexEDIDocsIn\InitechEDIDocsIn.csproj", "{8DAE3FE6-4AA5-4847-A3F6-A7C5A84EC388}"
EndProject
Project("{FAE04EC0-301F-11D3-BF4B-00C04F79EFBC}") = "InitechEDIDocsOut", "FedexEDIDocsOut\InitechEDIDocsOut.csproj", "{C5306AEF-31A4-439E-B5DE-1B41A37391BB}"
EndProject
Project("{FAE04EC0-301F-11D3-BF4B-00C04F79EFBC}") = "EDIDocsProcessing.Core", "EDIDocsProcessing.Core\EDIDocsProcessing.Core.csproj", "{4F0CEA30-7D8F-40C8-BB55-779EAE5A35C7}"
EndProject
Project("{FAE04EC0-301F-11D3-BF4B-00C04F79EFBC}") = "EDIDocsOut", "EDIDocsOut\EDIDocsOut.csproj", "{72806850-494B-46BB-9525-BDE88CA72ADC}"
EndProject
Project("{FAE04EC0-301F-11D3-BF4B-00C04F79EFBC}") = "EDIDocsProcessing.MessagingTests", "EDIDocsProcessing.MessagingTests\EDIDocsProcessing.MessagingTests.csproj", "{D074F99F-2DE6-4074-80A5-0DB87D9427DE}"
EndProject
Global
	GlobalSection(SolutionConfigurationPlatforms) = preSolution
		Debug|Any CPU = Debug|Any CPU
		Release|Any CPU = Release|Any CPU
	EndGlobalSection
	GlobalSection(ProjectConfigurationPlatforms) = postSolution
		{19CF0A80-97B7-4C2A-AB25-431C8CC7D90A}.Debug|Any CPU.ActiveCfg = Debug|Any CPU
		{19CF0A80-97B7-4C2A-AB25-431C8CC7D90A}.Debug|Any CPU.Build.0 = Debug|Any CPU
		{19CF0A80-97B7-4C2A-AB25-431C8CC7D90A}.Release|Any CPU.ActiveCfg = Release|Any CPU
		{19CF0A80-97B7-4C2A-AB25-431C8CC7D90A}.Release|Any CPU.Build.0 = Release|Any CPU
		{F5F0B092-A12D-44B0-AEA4-9A619E39A4DD}.Debug|Any CPU.ActiveCfg = Debug|Any CPU
		{F5F0B092-A12D-44B0-AEA4-9A619E39A4DD}.Debug|Any CPU.Build.0 = Debug|Any CPU
		{F5F0B092-A12D-44B0-AEA4-9A619E39A4DD}.Release|Any CPU.ActiveCfg = Release|Any CPU
		{F5F0B092-A12D-44B0-AEA4-9A619E39A4DD}.Release|Any CPU.Build.0 = Release|Any CPU
		{89A76457-3AA3-469F-A9ED-DD8C2322BC1C}.Debug|Any CPU.ActiveCfg = Debug|Any CPU
		{89A76457-3AA3-469F-A9ED-DD8C2322BC1C}.Debug|Any CPU.Build.0 = Debug|Any CPU
		{89A76457-3AA3-469F-A9ED-DD8C2322BC1C}.Release|Any CPU.ActiveCfg = Release|Any CPU
		{89A76457-3AA3-469F-A9ED-DD8C2322BC1C}.Release|Any CPU.Build.0 = Release|Any CPU
		{1554FC4E-3637-4267-A635-D4F53D4D4DAB}.Debug|Any CPU.ActiveCfg = Debug|Any CPU
		{1554FC4E-3637-4267-A635-D4F53D4D4DAB}.Debug|Any CPU.Build.0 = Debug|Any CPU
		{1554FC4E-3637-4267-A635-D4F53D4D4DAB}.Release|Any CPU.ActiveCfg = Release|Any CPU
		{1554FC4E-3637-4267-A635-D4F53D4D4DAB}.Release|Any CPU.Build.0 = Release|Any CPU
		{8DAE3FE6-4AA5-4847-A3F6-A7C5A84EC388}.Debug|Any CPU.ActiveCfg = Debug|Any CPU
		{8DAE3FE6-4AA5-4847-A3F6-A7C5A84EC388}.Debug|Any CPU.Build.0 = Debug|Any CPU
		{8DAE3FE6-4AA5-4847-A3F6-A7C5A84EC388}.Release|Any CPU.ActiveCfg = Release|Any CPU
		{8DAE3FE6-4AA5-4847-A3F6-A7C5A84EC388}.Release|Any CPU.Build.0 = Release|Any CPU
		{C5306AEF-31A4-439E-B5DE-1B41A37391BB}.Debug|Any CPU.ActiveCfg = Debug|Any CPU
		{C5306AEF-31A4-439E-B5DE-1B41A37391BB}.Debug|Any CPU.Build.0 = Debug|Any CPU
		{C5306AEF-31A4-439E-B5DE-1B41A37391BB}.Release|Any CPU.ActiveCfg = Release|Any CPU
		{C5306AEF-31A4-439E-B5DE-1B41A37391BB}.Release|Any CPU.Build.0 = Release|Any CPU
		{4F0CEA30-7D8F-40C8-BB55-779EAE5A35C7}.Debug|Any CPU.ActiveCfg = Debug|Any CPU
		{4F0CEA30-7D8F-40C8-BB55-779EAE5A35C7}.Debug|Any CPU.Build.0 = Debug|Any CPU
		{4F0CEA30-7D8F-40C8-BB55-779EAE5A35C7}.Release|Any CPU.ActiveCfg = Release|Any CPU
		{4F0CEA30-7D8F-40C8-BB55-779EAE5A35C7}.Release|Any CPU.Build.0 = Release|Any CPU
		{72806850-494B-46BB-9525-BDE88CA72ADC}.Debug|Any CPU.ActiveCfg = Debug|Any CPU
		{72806850-494B-46BB-9525-BDE88CA72ADC}.Debug|Any CPU.Build.0 = Debug|Any CPU
		{72806850-494B-46BB-9525-BDE88CA72ADC}.Release|Any CPU.ActiveCfg = Release|Any CPU
		{72806850-494B-46BB-9525-BDE88CA72ADC}.Release|Any CPU.Build.0 = Release|Any CPU
		{D074F99F-2DE6-4074-80A5-0DB87D9427DE}.Debug|Any CPU.ActiveCfg = Debug|Any CPU
		{D074F99F-2DE6-4074-80A5-0DB87D9427DE}.Debug|Any CPU.Build.0 = Debug|Any CPU
		{D074F99F-2DE6-4074-80A5-0DB87D9427DE}.Release|Any CPU.ActiveCfg = Release|Any CPU
		{D074F99F-2DE6-4074-80A5-0DB87D9427DE}.Release|Any CPU.Build.0 = Release|Any CPU
	EndGlobalSection
	GlobalSection(SolutionProperties) = preSolution
		HideSolutionNode = FALSE
	EndGlobalSection
	GlobalSection(NestedProjects) = preSolution
		{89A76457-3AA3-469F-A9ED-DD8C2322BC1C} = {40352F05-1FCE-4228-8065-74149EAFB5AA}
		{D074F99F-2DE6-4074-80A5-0DB87D9427DE} = {40352F05-1FCE-4228-8065-74149EAFB5AA}
		{19CF0A80-97B7-4C2A-AB25-431C8CC7D90A} = {F9D22252-F1C3-46AC-9309-B2C59068CE78}
		{72806850-494B-46BB-9525-BDE88CA72ADC} = {F9D22252-F1C3-46AC-9309-B2C59068CE78}
		{8DAE3FE6-4AA5-4847-A3F6-A7C5A84EC388} = {CA58FE11-73A9-43EC-8763-286524996AD1}
		{C5306AEF-31A4-439E-B5DE-1B41A37391BB} = {CA58FE11-73A9-43EC-8763-286524996AD1}
	EndGlobalSection
EndGlobal
